
Microsoft Visual Studio Solution File, Format Version 12.00
# Visual Studio Version 17
VisualStudioVersion = 17.10.35004.147
MinimumVisualStudioVersion = 10.0.40219.1
Project("{FAE04EC0-301F-11D3-BF4B-00C04F79EFBC}") = "hw_19_11_2024", "hw_19_11_2024\hw_19_11_2024.csproj", "{B794DE30-F3D5-4345-A5AB-FBE2AAC47852}"
EndProject
Global
	GlobalSection(SolutionConfigurationPlatforms) = preSolution
		Debug|Any CPU = Debug|Any CPU
		Release|Any CPU = Release|Any CPU
	EndGlobalSection
	GlobalSection(ProjectConfigurationPlatforms) = postSolution
		{B794DE30-F3D5-4345-A5AB-FBE2AAC47852}.Debug|Any CPU.ActiveCfg = Debug|Any CPU
		{B794DE30-F3D5-4345-A5AB-FBE2AAC47852}.Debug|Any CPU.Build.0 = Debug|Any CPU
		{B794DE30-F3D5-4345-A5AB-FBE2AAC47852}.Release|Any CPU.ActiveCfg = Release|Any CPU
		{B794DE30-F3D5-4345-A5AB-FBE2AAC47852}.Release|Any CPU.Build.0 = Release|Any CPU
	EndGlobalSection
	GlobalSection(SolutionProperties) = preSolution
		HideSolutionNode = FALSE
	EndGlobalSection
	GlobalSection(ExtensibilityGlobals) = postSolution
		SolutionGuid = {43995921-E601-40CD-9100-A360BF9692AF}
	EndGlobalSection
EndGlobal
